{
  "name": "SincronizadorPensiones",
  "lockfileVersion": 3,
  "requires": true,
  "packages": {
    "": {
      "dependencies": {
        "gspread": "^0.0.0",
        "pandas": "^0.0.3"
      }
    },
    "node_modules/gspread": {
      "version": "0.0.0",
      "resolved": "https://registry.npmjs.org/gspread/-/gspread-0.0.0.tgz",
      "integrity": "sha512-H8XMvJNGiSqGXrRifiVvkPYUAILQzfUNGfq0kuI2Vuvus0uqKkVR2/1tH8+t6+vrU6epRcaTdAvTQ8Rtw+ijeA==",
      "license": "UNLICENSED"
    },
    "node_modules/pandas": {
      "version": "0.0.3",
      "resolved": "https://registry.npmjs.org/pandas/-/pandas-0.0.3.tgz",
      "integrity": "sha512-b6b0XOuj8mvj2Kn6qfcvPmb0ILCcbuep5VYZche3730P9cXQcvarbbvWJxwXkxc3OXyGFYjJ4kozjX5ZXXMrsw==",
      "license": "WTFPL"
    }
  }
}
